
Microsoft Visual Studio Solution File, Format Version 12.00
# Visual Studio Version 17
VisualStudioVersion = 17.0.31919.166
MinimumVisualStudioVersion = 10.0.40219.1
Project("{FAE04EC0-301F-11D3-BF4B-00C04F79EFBC}") = "web.Api", "web.Api\web.Api.csproj", "{8E69941F-EA14-4535-8373-E58DE80B203E}"
EndProject
Global
	GlobalSection(SolutionConfigurationPlatforms) = preSolution
		Debug|Any CPU = Debug|Any CPU
		Release|Any CPU = Release|Any CPU
	EndGlobalSection
	GlobalSection(ProjectConfigurationPlatforms) = postSolution
		{8E69941F-EA14-4535-8373-E58DE80B203E}.Debug|Any CPU.ActiveCfg = Debug|Any CPU
		{8E69941F-EA14-4535-8373-E58DE80B203E}.Debug|Any CPU.Build.0 = Debug|Any CPU
		{8E69941F-EA14-4535-8373-E58DE80B203E}.Release|Any CPU.ActiveCfg = Release|Any CPU
		{8E69941F-EA14-4535-8373-E58DE80B203E}.Release|Any CPU.Build.0 = Release|Any CPU
	EndGlobalSection
	GlobalSection(SolutionProperties) = preSolution
		HideSolutionNode = FALSE
	EndGlobalSection
	GlobalSection(ExtensibilityGlobals) = postSolution
		SolutionGuid = {13004BDE-8559-4C54-9983-DEA55501B9B5}
	EndGlobalSection
EndGlobal
